hash: cbed89d30c08010eaa1d2c5e20af5f842b0abefc4a07a7e901cbea4b26b6e73e
updated: 2018-04-15T14:05:21.766344+02:00
imports:
- name: github.com/astaxie/beego
  version: bf5c5626ab429e66d88602e1ab1ab5fbf4629a01
  subpackages:
  - config
- name: github.com/sec51/goconf
  version: a4a01bfcf57a512153f04e9a28fdad0d29df0895
- name: gopkg.in/alexcesaro/quotedprintable.v3
  version: 2caba252f4dc53eaf6b553000885530023f54623
- name: gopkg.in/gomail.v2
  version: 81ebce5c23dfd25c6c67194b37d3dd3f338c98b1
testImports: []
